// !$*UTF8*$!
{
	archiveVersion = 1;
	classes = {
	};
	objectVersion = 46;
	objects = {

/* Begin PBXBuildFile section */
		B5ACFB0519007E30000AB1F1 /* Foundation.framework in Frameworks */ = {isa = PBXBuildFile; fileRef = B5ACFB0419007E30000AB1F1 /* Foundation.framework */; };
		B5ACFB0719007E30000AB1F1 /* CoreGraphics.framework in Frameworks */ = {isa = PBXBuildFile; fileRef = B5ACFB0619007E30000AB1F1 /* CoreGraphics.framework */; };
		B5ACFB0919007E30000AB1F1 /* UIKit.framework in Frameworks */ = {isa = PBXBuildFile; fileRef = B5ACFB0819007E30000AB1F1 /* UIKit.framework */; };
		B5ACFB0B19007E30000AB1F1 /* CoreData.framework in Frameworks */ = {isa = PBXBuildFile; fileRef = B5ACFB0A19007E30000AB1F1 /* CoreData.framework */; };
		B5ACFB1119007E30000AB1F1 /* InfoPlist.strings in Resources */ = {isa = PBXBuildFile; fileRef = B5ACFB0F19007E30000AB1F1 /* InfoPlist.strings */; };
		B5ACFB1319007E30000AB1F1 /* main.m in Sources */ = {isa = PBXBuildFile; fileRef = B5ACFB1219007E30000AB1F1 /* main.m */; };
		B5ACFB1719007E30000AB1F1 /* AppDelegate.m in Sources */ = {isa = PBXBuildFile; fileRef = B5ACFB1619007E30000AB1F1 /* AppDelegate.m */; };
		B5ACFB1A19007E30000AB1F1 /* AccelerationAndRotationTutorial.xcdatamodeld in Sources */ = {isa = PBXBuildFile; fileRef = B5ACFB1819007E30000AB1F1 /* AccelerationAndRotationTutorial.xcdatamodeld */; };
		B5ACFB1C19007E30000AB1F1 /* Images.xcassets in Resources */ = {isa = PBXBuildFile; fileRef = B5ACFB1B19007E30000AB1F1 /* Images.xcassets */; };
		B5ACFB2319007E30000AB1F1 /* XCTest.framework in Frameworks */ = {isa = PBXBuildFile; fileRef = B5ACFB2219007E30000AB1F1 /* XCTest.framework */; };
		B5ACFB2419007E30000AB1F1 /* Foundation.framework in Frameworks */ = {isa = PBXBuildFile; fileRef = B5ACFB0419007E30000AB1F1 /* Foundation.framework */; };
		B5ACFB2519007E30000AB1F1 /* UIKit.framework in Frameworks */ = {isa = PBXBuildFile; fileRef = B5ACFB0819007E30000AB1F1 /* UIKit.framework */; };
		B5ACFB2619007E30000AB1F1 /* CoreData.framework in Frameworks */ = {isa = PBXBuildFile; fileRef = B5ACFB0A19007E30000AB1F1 /* CoreData.framework */; };
		B5ACFB2E19007E30000AB1F1 /* InfoPlist.strings in Resources */ = {isa = PBXBuildFile; fileRef = B5ACFB2C19007E30000AB1F1 /* InfoPlist.strings */; };
		B5ACFB3019007E30000AB1F1 /* AccelerationAndRotationTutorialTests.m in Sources */ = {isa = PBXBuildFile; fileRef = B5ACFB2F19007E30000AB1F1 /* AccelerationAndRotationTutorialTests.m */; };
/* End PBXBuildFile section */

/* Begin PBXContainerItemProxy section */
		B5ACFB2719007E30000AB1F1 /* PBXContainerItemProxy */ = {
			isa = PBXContainerItemProxy;
			containerPortal = B5ACFAF919007E30000AB1F1 /* Project object */;
			proxyType = 1;
			remoteGlobalIDString = B5ACFB0019007E30000AB1F1;
			remoteInfo = AccelerationAndRotationTutorial;
		};
/* End PBXContainerItemProxy section */

/* Begin PBXFileReference section */
		B5ACFB0119007E30000AB1F1 /* AccelerationAndRotationTutorial.app */ = {isa = PBXFileReference; explicitFileType = wrapper.application; includeInIndex = 0; path = AccelerationAndRotationTutorial.app; sourceTree = BUILT_PRODUCTS_DIR; };
		B5ACFB0419007E30000AB1F1 /* Foundation.framework */ = {isa = PBXFileReference; lastKnownFileType = wrapper.framework; name = Foundation.framework; path = System/Library/Frameworks/Foundation.framework; sourceTree = SDKROOT; };
		B5ACFB0619007E30000AB1F1 /* CoreGraphics.framework */ = {isa = PBXFileReference; lastKnownFileType = wrapper.framework; name = CoreGraphics.framework; path = System/Library/Frameworks/CoreGraphics.framework; sourceTree = SDKROOT; };
		B5ACFB0819007E30000AB1F1 /* UIKit.framework */ = {isa = PBXFileReference; lastKnownFileType = wrapper.framework; name = UIKit.framework; path = System/Library/Frameworks/UIKit.framework; sourceTree = SDKROOT; };
		B5ACFB0A19007E30000AB1F1 /* CoreData.framework */ = {isa = PBXFileReference; lastKnownFileType = wrapper.framework; name = CoreData.framework; path = System/Library/Frameworks/CoreData.framework; sourceTree = SDKROOT; };
		B5ACFB0E19007E30000AB1F1 /* AccelerationAndRotationTutorial-Info.plist */ = {isa = PBXFileReference; lastKnownFileType = text.plist.xml; path = "AccelerationAndRotationTutorial-Info.plist"; sourceTree = "<group>"; };
		B5ACFB1019007E30000AB1F1 /* en */ = {isa = PBXFileReference; lastKnownFileType = text.plist.strings; name = en; path = en.lproj/InfoPlist.strings; sourceTree = "<group>"; };
		B5ACFB1219007E30000AB1F1 /* main.m */ = {isa = PBXFileReference; lastKnownFileType = sourcecode.c.objc; path = main.m; sourceTree = "<group>"; };
		B5ACFB1419007E30000AB1F1 /* AccelerationAndRotationTutorial-Prefix.pch */ = {isa = PBXFileReference; lastKnownFileType = sourcecode.c.h; path = "AccelerationAndRotationTutorial-Prefix.pch"; sourceTree = "<group>"; };
		B5ACFB1519007E30000AB1F1 /* AppDelegate.h */ = {isa = PBXFileReference; lastKnownFileType = sourcecode.c.h; path = AppDelegate.h; sourceTree = "<group>"; };
		B5ACFB1619007E30000AB1F1 /* AppDelegate.m */ = {isa = PBXFileReference; lastKnownFileType = sourcecode.c.objc; path = AppDelegate.m; sourceTree = "<group>"; };
		B5ACFB1919007E30000AB1F1 /* AccelerationAndRotationTutorial.xcdatamodel */ = {isa = PBXFileReference; lastKnownFileType = wrapper.xcdatamodel; path = AccelerationAndRotationTutorial.xcdatamodel; sourceTree = "<group>"; };
		B5ACFB1B19007E30000AB1F1 /* Images.xcassets */ = {isa = PBXFileReference; lastKnownFileType = folder.assetcatalog; path = Images.xcassets; sourceTree = "<group>"; };
		B5ACFB2119007E30000AB1F1 /* AccelerationAndRotationTutorialTests.xctest */ = {isa = PBXFileReference; explicitFileType = wrapper.cfbundle; includeInIndex = 0; path = AccelerationAndRotationTutorialTests.xctest; sourceTree = BUILT_PRODUCTS_DIR; };
		B5ACFB2219007E30000AB1F1 /* XCTest.framework */ = {isa = PBXFileReference; lastKnownFileType = wrapper.framework; name = XCTest.framework; path = Library/Frameworks/XCTest.framework; sourceTree = DEVELOPER_DIR; };
		B5ACFB2B19007E30000AB1F1 /* AccelerationAndRotationTutorialTests-Info.plist */ = {isa = PBXFileReference; lastKnownFileType = text.plist.xml; path = "AccelerationAndRotationTutorialTests-Info.plist"; sourceTree = "<group>"; };
		B5ACFB2D19007E30000AB1F1 /* en */ = {isa = PBXFileReference; lastKnownFileType = text.plist.strings; name = en; path = en.lproj/InfoPlist.strings; sourceTree = "<group>"; };
		B5ACFB2F19007E30000AB1F1 /* AccelerationAndRotationTutorialTests.m */ = {isa = PBXFileReference; lastKnownFileType = sourcecode.c.objc; path = AccelerationAndRotationTutorialTests.m; sourceTree = "<group>"; };
/* End PBXFileReference section */

/* Begin PBXFrameworksBuildPhase section */
		B5ACFAFE19007E30000AB1F1 /* Frameworks */ = {
			isa = PBXFrameworksBuildPhase;
			buildActionMask = 2147483647;
			files = (
				B5ACFB0719007E30000AB1F1 /* CoreGraphics.framework in Frameworks */,
				B5ACFB0B19007E30000AB1F1 /* CoreData.framework in Frameworks */,
				B5ACFB0919007E30000AB1F1 /* UIKit.framework in Frameworks */,
				B5ACFB0519007E30000AB1F1 /* Foundation.framework in Frameworks */,
			);
			runOnlyForDeploymentPostprocessing = 0;
		};
		B5ACFB1E19007E30000AB1F1 /* Frameworks */ = {
			isa = PBXFrameworksBuildPhase;
			buildActionMask = 2147483647;
			files = (
				B5ACFB2319007E30000AB1F1 /* XCTest.framework in Frameworks */,
				B5ACFB2619007E30000AB1F1 /* CoreData.framework in Frameworks */,
				B5ACFB2519007E30000AB1F1 /* UIKit.framework in Frameworks */,
				B5ACFB2419007E30000AB1F1 /* Foundation.framework in Frameworks */,
			);
			runOnlyForDeploymentPostprocessing = 0;
		};
/* End PBXFrameworksBuildPhase section */

/* Begin PBXGroup section */
		B5ACFAF819007E30000AB1F1 = {
			isa = PBXGroup;
			children = (
				B5ACFB0C19007E30000AB1F1 /* AccelerationAndRotationTutorial */,
				B5ACFB2919007E30000AB1F1 /* AccelerationAndRotationTutorialTests */,
				B5ACFB0319007E30000AB1F1 /* Frameworks */,
				B5ACFB0219007E30000AB1F1 /* Products */,
			);
			sourceTree = "<group>";
		};
		B5ACFB0219007E30000AB1F1 /* Products */ = {
			isa = PBXGroup;
			children = (
				B5ACFB0119007E30000AB1F1 /* AccelerationAndRotationTutorial.app */,
				B5ACFB2119007E30000AB1F1 /* AccelerationAndRotationTutorialTests.xctest */,
			);
			name = Products;
			sourceTree = "<group>";
		};
		B5ACFB0319007E30000AB1F1 /* Frameworks */ = {
			isa = PBXGroup;
			children = (
				B5ACFB0419007E30000AB1F1 /* Foundation.framework */,
				B5ACFB0619007E30000AB1F1 /* CoreGraphics.framework */,
				B5ACFB0819007E30000AB1F1 /* UIKit.framework */,
				B5ACFB0A19007E30000AB1F1 /* CoreData.framework */,
				B5ACFB2219007E30000AB1F1 /* XCTest.framework */,
			);
			name = Frameworks;
			sourceTree = "<group>";
		};
		B5ACFB0C19007E30000AB1F1 /* AccelerationAndRotationTutorial */ = {
			isa = PBXGroup;
			children = (
				B5ACFB1519007E30000AB1F1 /* AppDelegate.h */,
				B5ACFB1619007E30000AB1F1 /* AppDelegate.m */,
				B5ACFB1B19007E30000AB1F1 /* Images.xcassets */,
				B5ACFB1819007E30000AB1F1 /* AccelerationAndRotationTutorial.xcdatamodeld */,
				B5ACFB0D19007E30000AB1F1 /* Supporting Files */,
			);
			path = AccelerationAndRotationTutorial;
			sourceTree = "<group>";
		};
		B5ACFB0D19007E30000AB1F1 /* Supporting Files */ = {
			isa = PBXGroup;
			children = (
				B5ACFB0E19007E30000AB1F1 /* AccelerationAndRotationTutorial-Info.plist */,
				B5ACFB0F19007E30000AB1F1 /* InfoPlist.strings */,
				B5ACFB1219007E30000AB1F1 /* main.m */,
				B5ACFB1419007E30000AB1F1 /* AccelerationAndRotationTutorial-Prefix.pch */,
			);
			name = "Supporting Files";
			sourceTree = "<group>";
		};
		B5ACFB2919007E30000AB1F1 /* AccelerationAndRotationTutorialTests */ = {
			isa = PBXGroup;
			children = (
				B5ACFB2F19007E30000AB1F1 /* AccelerationAndRotationTutorialTests.m */,
				B5ACFB2A19007E30000AB1F1 /* Supporting Files */,
			);
			path = AccelerationAndRotationTutorialTests;
			sourceTree = "<group>";
		};
		B5ACFB2A19007E30000AB1F1 /* Supporting Files */ = {
			isa = PBXGroup;
			children = (
				B5ACFB2B19007E30000AB1F1 /* AccelerationAndRotationTutorialTests-Info.plist */,
				B5ACFB2C19007E30000AB1F1 /* InfoPlist.strings */,
			);
			name = "Supporting Files";
			sourceTree = "<group>";
		};
/* End PBXGroup section */

/* Begin PBXNativeTarget section */
		B5ACFB0019007E30000AB1F1 /* AccelerationAndRotationTutorial */ = {
			isa = PBXNativeTarget;
			buildConfigurationList = B5ACFB3319007E30000AB1F1 /* Build configuration list for PBXNativeTarget "AccelerationAndRotationTutorial" */;
			buildPhases = (
				B5ACFAFD19007E30000AB1F1 /* Sources */,
				B5ACFAFE19007E30000AB1F1 /* Frameworks */,
				B5ACFAFF19007E30000AB1F1 /* Resources */,
			);
			buildRules = (
			);
			dependencies = (
			);
			name = AccelerationAndRotationTutorial;
			productName = AccelerationAndRotationTutorial;
			productReference = B5ACFB0119007E30000AB1F1 /* AccelerationAndRotationTutorial.app */;
			productType = "com.apple.product-type.application";
		};
		B5ACFB2019007E30000AB1F1 /* AccelerationAndRotationTutorialTests */ = {
			isa = PBXNativeTarget;
			buildConfigurationList = B5ACFB3619007E30000AB1F1 /* Build configuration list for PBXNativeTarget "AccelerationAndRotationTutorialTests" */;
			buildPhases = (
				B5ACFB1D19007E30000AB1F1 /* Sources */,
				B5ACFB1E19007E30000AB1F1 /* Frameworks */,
				B5ACFB1F19007E30000AB1F1 /* Resources */,
			);
			buildRules = (
			);
			dependencies = (
				B5ACFB2819007E30000AB1F1 /* PBXTargetDependency */,
			);
			name = AccelerationAndRotationTutorialTests;
			productName = AccelerationAndRotationTutorialTests;
			productReference = B5ACFB2119007E30000AB1F1 /* AccelerationAndRotationTutorialTests.xctest */;
			productType = "com.apple.product-type.bundle.unit-test";
		};
/* End PBXNativeTarget section */

/* Begin PBXProject section */
		B5ACFAF919007E30000AB1F1 /* Project object */ = {
			isa = PBXProject;
			attributes = {
				LastUpgradeCheck = 0510;
				ORGANIZATIONNAME = "Adam Thorson";
				TargetAttributes = {
					B5ACFB2019007E30000AB1F1 = {
						TestTargetID = B5ACFB0019007E30000AB1F1;
					};
				};
			};
			buildConfigurationList = B5ACFAFC19007E30000AB1F1 /* Build configuration list for PBXProject "AccelerationAndRotationTutorial" */;
			compatibilityVersion = "Xcode 3.2";
			developmentRegion = English;
			hasScannedForEncodings = 0;
			knownRegions = (
				en,
			);
			mainGroup = B5ACFAF819007E30000AB1F1;
			productRefGroup = B5ACFB0219007E30000AB1F1 /* Products */;
			projectDirPath = "";
			projectRoot = "";
			targets = (
				B5ACFB0019007E30000AB1F1 /* AccelerationAndRotationTutorial */,
				B5ACFB2019007E30000AB1F1 /* AccelerationAndRotationTutorialTests */,
			);
		};
/* End PBXProject section */

/* Begin PBXResourcesBuildPhase section */
		B5ACFAFF19007E30000AB1F1 /* Resources */ = {
			isa = PBXResourcesBuildPhase;
			buildActionMask = 2147483647;
			files = (
				B5ACFB1119007E30000AB1F1 /* InfoPlist.strings in Resources */,
				B5ACFB1C19007E30000AB1F1 /* Images.xcassets in Resources */,
			);
			runOnlyForDeploymentPostprocessing = 0;
		};
		B5ACFB1F19007E30000AB1F1 /* Resources */ = {
			isa = PBXResourcesBuildPhase;
			buildActionMask = 2147483647;
			files = (
				B5ACFB2E19007E30000AB1F1 /* InfoPlist.strings in Resources */,
			);
			runOnlyForDeploymentPostprocessing = 0;
		};
/* End PBXResourcesBuildPhase section */

/* Begin PBXSourcesBuildPhase section */
		B5ACFAFD19007E30000AB1F1 /* Sources */ = {
			isa = PBXSourcesBuildPhase;
			buildActionMask = 2147483647;
			files = (
				B5ACFB1A19007E30000AB1F1 /* AccelerationAndRotationTutorial.xcdatamodeld in Sources */,
				B5ACFB1719007E30000AB1F1 /* AppDelegate.m in Sources */,
				B5ACFB1319007E30000AB1F1 /* main.m in Sources */,
			);
			runOnlyForDeploymentPostprocessing = 0;
		};
		B5ACFB1D19007E30000AB1F1 /* Sources */ = {
			isa = PBXSourcesBuildPhase;
			buildActionMask = 2147483647;
			files = (
				B5ACFB3019007E30000AB1F1 /* AccelerationAndRotationTutorialTests.m in Sources */,
			);
			runOnlyForDeploymentPostprocessing = 0;
		};
/* End PBXSourcesBuildPhase section */

/* Begin PBXTargetDependency section */
		B5ACFB2819007E30000AB1F1 /* PBXTargetDependency */ = {
			isa = PBXTargetDependency;
			target = B5ACFB0019007E30000AB1F1 /* AccelerationAndRotationTutorial */;
			targetProxy = B5ACFB2719007E30000AB1F1 /* PBXContainerItemProxy */;
		};
/* End PBXTargetDependency section */

/* Begin PBXVariantGroup section */
		B5ACFB0F19007E30000AB1F1 /* InfoPlist.strings */ = {
			isa = PBXVariantGroup;
			children = (
				B5ACFB1019007E30000AB1F1 /* en */,
			);
			name = InfoPlist.strings;
			sourceTree = "<group>";
		};
		B5ACFB2C19007E30000AB1F1 /* InfoPlist.strings */ = {
			isa = PBXVariantGroup;
			children = (
				B5ACFB2D19007E30000AB1F1 /* en */,
			);
			name = InfoPlist.strings;
			sourceTree = "<group>";
		};
/* End PBXVariantGroup section */

/* Begin XCBuildConfiguration section */
		B5ACFB3119007E30000AB1F1 /* Debug */ = {
			isa = XCBuildConfiguration;
			buildSettings = {
				ALWAYS_SEARCH_USER_PATHS = NO;
				CLANG_CXX_LANGUAGE_STANDARD = "gnu++0x";
				CLANG_CXX_LIBRARY = "libc++";
				CLANG_ENABLE_MODULES = YES;
				CLANG_ENABLE_OBJC_ARC = YES;
				CLANG_WARN_BOOL_CONVERSION = YES;
				CLANG_WARN_CONSTANT_CONVERSION = YES;
				CLANG_WARN_DIRECT_OBJC_ISA_USAGE = YES_ERROR;
				CLANG_WARN_EMPTY_BODY = YES;
				CLANG_WARN_ENUM_CONVERSION = YES;
				CLANG_WARN_INT_CONVERSION = YES;
				CLANG_WARN_OBJC_ROOT_CLASS = YES_ERROR;
				CLANG_WARN__DUPLICATE_METHOD_MATCH = YES;
				"CODE_SIGN_IDENTITY[sdk=iphoneos*]" = "iPhone Developer";
				COPY_PHASE_STRIP = NO;
				GCC_C_LANGUAGE_STANDARD = gnu99;
				GCC_DYNAMIC_NO_PIC = NO;
				GCC_OPTIMIZATION_LEVEL = 0;
				GCC_PREPROCESSOR_DEFINITIONS = (
					"DEBUG=1",
					"$(inherited)",
				);
				GCC_SYMBOLS_PRIVATE_EXTERN = NO;
				GCC_WARN_64_TO_32_BIT_CONVERSION = YES;
				GCC_WARN_ABOUT_RETURN_TYPE = YES_ERROR;
				GCC_WARN_UNDECLARED_SELECTOR = YES;
				GCC_WARN_UNINITIALIZED_AUTOS = YES_AGGRESSIVE;
				GCC_WARN_UNUSED_FUNCTION = YES;
				GCC_WARN_UNUSED_VARIABLE = YES;
				IPHONEOS_DEPLOYMENT_TARGET = 7.1;
				ONLY_ACTIVE_ARCH = YES;
				SDKROOT = iphoneos;
				TARGETED_DEVICE_FAMILY = "1,2";
			};
			name = Debug;
		};
		B5ACFB3219007E30000AB1F1 /* Release */ = {
			isa = XCBuildConfiguration;
			buildSettings = {
				ALWAYS_SEARCH_USER_PATHS = NO;
				CLANG_CXX_LANGUAGE_STANDARD = "gnu++0x";
				CLANG_CXX_LIBRARY = "libc++";
				CLANG_ENABLE_MODULES = YES;
				CLANG_ENABLE_OBJC_ARC = YES;
				CLANG_WARN_BOOL_CONVERSION = YES;
				CLANG_WARN_CONSTANT_CONVERSION = YES;
				CLANG_WARN_DIRECT_OBJC_ISA_USAGE = YES_ERROR;
				CLANG_WARN_EMPTY_BODY = YES;
				CLANG_WARN_ENUM_CONVERSION = YES;
				CLANG_WARN_INT_CONVERSION = YES;
				CLANG_WARN_OBJC_ROOT_CLASS = YES_ERROR;
				CLANG_WARN__DUPLICATE_METHOD_MATCH = YES;
				"CODE_SIGN_IDENTITY[sdk=iphoneos*]" = "iPhone Developer";
				COPY_PHASE_STRIP = YES;
				ENABLE_NS_ASSERTIONS = NO;
				GCC_C_LANGUAGE_STANDARD = gnu99;
				GCC_WARN_64_TO_32_BIT_CONVERSION = YES;
				GCC_WARN_ABOUT_RETURN_TYPE = YES_ERROR;
				GCC_WARN_UNDECLARED_SELECTOR = YES;
				GCC_WARN_UNINITIALIZED_AUTOS = YES_AGGRESSIVE;
				GCC_WARN_UNUSED_FUNCTION = YES;
				GCC_WARN_UNUSED_VARIABLE = YES;
				IPHONEOS_DEPLOYMENT_TARGET = 7.1;
				SDKROOT = iphoneos;
				TARGETED_DEVICE_FAMILY = "1,2";
				VALIDATE_PRODUCT = YES;
			};
			name = Release;
		};
		B5ACFB3419007E30000AB1F1 /* Debug */ = {
			isa = XCBuildConfiguration;
			buildSettings = {
				ASSETCATALOG_COMPILER_APPICON_NAME = AppIcon;
				ASSETCATALOG_COMPILER_LAUNCHIMAGE_NAME = LaunchImage;
				GCC_PRECOMPILE_PREFIX_HEADER = YES;
				GCC_PREFIX_HEADER = "AccelerationAndRotationTutorial/AccelerationAndRotationTutorial-Prefix.pch";
				INFOPLIST_FILE = "AccelerationAndRotationTutorial/AccelerationAndRotationTutorial-Info.plist";
				PRODUCT_NAME = "$(TARGET_NAME)";
				WRAPPER_EXTENSION = app;
			};
			name = Debug;
		};
		B5ACFB3519007E30000AB1F1 /* Release */ = {
			isa = XCBuildConfiguration;
			buildSettings = {
				ASSETCATALOG_COMPILER_APPICON_NAME = AppIcon;
				ASSETCATALOG_COMPILER_LAUNCHIMAGE_NAME = LaunchImage;
				GCC_PRECOMPILE_PREFIX_HEADER = YES;
				GCC_PREFIX_HEADER = "AccelerationAndRotationTutorial/AccelerationAndRotationTutorial-Prefix.pch";
				INFOPLIST_FILE = "AccelerationAndRotationTutorial/AccelerationAndRotationTutorial-Info.plist";
				PRODUCT_NAME = "$(TARGET_NAME)";
				WRAPPER_EXTENSION = app;
			};
			name = Release;
		};
		B5ACFB3719007E30000AB1F1 /* Debug */ = {
			isa = XCBuildConfiguration;
			buildSettings = {
				BUNDLE_LOADER = "$(BUILT_PRODUCTS_DIR)/AccelerationAndRotationTutorial.app/AccelerationAndRotationTutorial";
				FRAMEWORK_SEARCH_PATHS = (
					"$(SDKROOT)/Developer/Library/Frameworks",
					"$(inherited)",
					"$(DEVELOPER_FRAMEWORKS_DIR)",
				);
				GCC_PRECOMPILE_PREFIX_HEADER = YES;
				GCC_PREFIX_HEADER = "AccelerationAndRotationTutorial/AccelerationAndRotationTutorial-Prefix.pch";
				GCC_PREPROCESSOR_DEFINITIONS = (
					"DEBUG=1",
					"$(inherited)",
				);
				INFOPLIST_FILE = "AccelerationAndRotationTutorialTests/AccelerationAndRotationTutorialTests-Info.plist";
				PRODUCT_NAME = "$(TARGET_NAME)";
				TEST_HOST = "$(BUNDLE_LOADER)";
				WRAPPER_EXTENSION = xctest;
			};
			name = Debug;
		};
		B5ACFB3819007E30000AB1F1 /* Release */ = {
			isa = XCBuildConfiguration;
			buildSettings = {
				BUNDLE_LOADER = "$(BUILT_PRODUCTS_DIR)/AccelerationAndRotationTutorial.app/AccelerationAndRotationTutorial";
				FRAMEWORK_SEARCH_PATHS = (
					"$(SDKROOT)/Developer/Library/Frameworks",
					"$(inherited)",
					"$(DEVELOPER_FRAMEWORKS_DIR)",
				);
				GCC_PRECOMPILE_PREFIX_HEADER = YES;
				GCC_PREFIX_HEADER = "AccelerationAndRotationTutorial/AccelerationAndRotationTutorial-Prefix.pch";
				INFOPLIST_FILE = "AccelerationAndRotationTutorialTests/AccelerationAndRotationTutorialTests-Info.plist";
				PRODUCT_NAME = "$(TARGET_NAME)";
				TEST_HOST = "$(BUNDLE_LOADER)";
				WRAPPER_EXTENSION = xctest;
			};
			name = Release;
		};
/* End XCBuildConfiguration section */

/* Begin XCConfigurationList section */
		B5ACFAFC19007E30000AB1F1 /* Build configuration list for PBXProject "AccelerationAndRotationTutorial" */ = {
			isa = XCConfigurationList;
			buildConfigurations = (
				B5ACFB3119007E30000AB1F1 /* Debug */,
				B5ACFB3219007E30000AB1F1 /* Release */,
			);
			defaultConfigurationIsVisible = 0;
			defaultConfigurationName = Release;
		};
		B5ACFB3319007E30000AB1F1 /* Build configuration list for PBXNativeTarget "AccelerationAndRotationTutorial" */ = {
			isa = XCConfigurationList;
			buildConfigurations = (
				B5ACFB3419007E30000AB1F1 /* Debug */,
				B5ACFB3519007E30000AB1F1 /* Release */,
			);
			defaultConfigurationIsVisible = 0;
		};
		B5ACFB3619007E30000AB1F1 /* Build configuration list for PBXNativeTarget "AccelerationAndRotationTutorialTests" */ = {
			isa = XCConfigurationList;
			buildConfigurations = (
				B5ACFB3719007E30000AB1F1 /* Debug */,
				B5ACFB3819007E30000AB1F1 /* Release */,
			);
			defaultConfigurationIsVisible = 0;
		};
/* End XCConfigurationList section */

/* Begin XCVersionGroup section */
		B5ACFB1819007E30000AB1F1 /* AccelerationAndRotationTutorial.xcdatamodeld */ = {
			isa = XCVersionGroup;
			children = (
				B5ACFB1919007E30000AB1F1 /* AccelerationAndRotationTutorial.xcdatamodel */,
			);
			currentVersion = B5ACFB1919007E30000AB1F1 /* AccelerationAndRotationTutorial.xcdatamodel */;
			path = AccelerationAndRotationTutorial.xcdatamodeld;
			sourceTree = "<group>";
			versionGroupType = wrapper.xcdatamodel;
		};
/* End XCVersionGroup section */
	};
	rootObject = B5ACFAF919007E30000AB1F1 /* Project object */;
}
